[[dependencies]]
name = "@openzeppelin-contracts"
version = "5.6.1"
url = "https://soldeer-revisions.s3.amazonaws.com/@openzeppelin-contracts/5_6_1_15-03-2026_09:19:50_contracts.zip"
checksum = "a3b6bc661be858c7c27f60a1708cbebe8c71034b4cc1e9fe270d0a05b069352f"
integrity = "bce03af7ada1eee21a7fff393f238bcd7cd75a022a4db55ffb6b0dbb32433d35"

[[dependencies]]
name = "@prb-math"
version = "4.0.2"
url = "https://soldeer-revisions.s3.amazonaws.com/@prb-math/4_0_2_22-01-2024_13:21:17_math.zip"
checksum = "eb1c13aa243d1c227884096c0bc8945a2cb6a48d395424aa5c345f1455c27600"
integrity = "012f5cc1c217d609e653ffcc50a8172093f33280870b82aa7ee90e69466d0a64"

[[dependencies]]
name = "@uniswap-universal-router"
version = "1.6.0"
url = "https://soldeer-revisions.s3.amazonaws.com/@uniswap-universal-router/1_6_0_22-01-2024_13:15:39_universal-router.zip"
checksum = "94f563c6e7629a3a46c6a69baff7190339eba49acd6c230f32a84969dae1aaff"
integrity = "487bd32d40a5c54aee0ea191ace6027a03fed1449d6aa4548b96a5ea94b89ebb"

[[dependencies]]
name = "forge-std"
version = "1.16.0"
url = "https://soldeer-revisions.s3.amazonaws.com/forge-std/1_16_0_27-04-2026_06:23:43_forge-std-1.16.zip"
checksum = "3ebe6ca2011b1a11b0f3d4c2a53f58e4d149dc0c58a4052a39405391cd2ae8ce"
integrity = "c433748f09889d3e2b3090303f4bc03700b363bd952e22b1801db00cfac7b809"
